Microsoft Visual Studio Solution File, Format Version 7.00
Project("{FAE04EC0-301F-11D3-BF4B-00C04F79EFBC}") = "ThemedTestApp", "ThemedTestApp.csproj", "{358DAAC9-BEF8-436B-A8EC-F9836E213121}"
EndProject
Project("{8BC9CEB8-8B4A-11D0-8D11-00A0C91BC942}") = "PostBuild", "..\PostBuild\PostBuild.vcproj", "{9B984A82-3253-4E80-92DD-3AB77A69A203}"
EndProject
Global
	GlobalSection(SolutionConfiguration) = preSolution
		ConfigName.0 = Debug
		ConfigName.1 = Release
	EndGlobalSection
	GlobalSection(ProjectDependencies) = postSolution
		{9B984A82-3253-4E80-92DD-3AB77A69A203}.0 = {358DAAC9-BEF8-436B-A8EC-F9836E213121}
	EndGlobalSection
	GlobalSection(ProjectConfiguration) = postSolution
		{358DAAC9-BEF8-436B-A8EC-F9836E213121}.Debug.ActiveCfg = Debug|.NET
		{358DAAC9-BEF8-436B-A8EC-F9836E213121}.Debug.Build.0 = Debug|.NET
		{358DAAC9-BEF8-436B-A8EC-F9836E213121}.Release.ActiveCfg = Release|.NET
		{358DAAC9-BEF8-436B-A8EC-F9836E213121}.Release.Build.0 = Release|.NET
		{9B984A82-3253-4E80-92DD-3AB77A69A203}.Debug.ActiveCfg = Debug|Win32
		{9B984A82-3253-4E80-92DD-3AB77A69A203}.Debug.Build.0 = Debug|Win32
		{9B984A82-3253-4E80-92DD-3AB77A69A203}.Release.ActiveCfg = Release|Win32
		{9B984A82-3253-4E80-92DD-3AB77A69A203}.Release.Build.0 = Release|Win32
	EndGlobalSection
	GlobalSection(ExtensibilityGlobals) = postSolution
	EndGlobalSection
	GlobalSection(ExtensibilityAddIns) = postSolution
	EndGlobalSection
EndGlobal
